// !$*UTF8*$!
{
	archiveVersion = 1;
	classes = {
	};
	objectVersion = 52;
	objects = {

/* Begin PBXBuildFile section */
		D00C343D2705972100FE6BCF /* UIApplication+Extension.swift in Sources */ = {isa = PBXBuildFile; fileRef = D00C343C2705972100FE6BCF /* UIApplication+Extension.swift */; };
		D00C34402705A12B00FE6BCF /* Emojis.swift in Sources */ = {isa = PBXBuildFile; fileRef = D00C343F2705A12B00FE6BCF /* Emojis.swift */; };
		D00C34482706079B00FE6BCF /* OpenWeatherUITests.swift in Sources */ = {isa = PBXBuildFile; fileRef = D00C34472706079B00FE6BCF /* OpenWeatherUITests.swift */; };
		D00C344A2706079C00FE6BCF /* OpenWeatherUITestsLaunchTests.swift in Sources */ = {isa = PBXBuildFile; fileRef = D00C34492706079C00FE6BCF /* OpenWeatherUITestsLaunchTests.swift */; };
		D00C3451270613BD00FE6BCF /* TestDetailScreen.swift in Sources */ = {isa = PBXBuildFile; fileRef = D00C3450270613BD00FE6BCF /* TestDetailScreen.swift */; };
		D00C345A270617C300FE6BCF /* DetailViewModel.swift in Sources */ = {isa = PBXBuildFile; fileRef = D00C3459270617C300FE6BCF /* DetailViewModel.swift */; };
		D00C34602706585000FE6BCF /* Constants.swift in Sources */ = {isa = PBXBuildFile; fileRef = D00C345F2706585000FE6BCF /* Constants.swift */; };
		D00C34652706FCE500FE6BCF /* AddCityViewModel.swift in Sources */ = {isa = PBXBuildFile; fileRef = D00C34642706FCE500FE6BCF /* AddCityViewModel.swift */; };
		D00C34672707068E00FE6BCF /* Reachability.swift in Sources */ = {isa = PBXBuildFile; fileRef = D00C34662707068E00FE6BCF /* Reachability.swift */; };
		D00C346927070A9E00FE6BCF /* AttentionView.swift in Sources */ = {isa = PBXBuildFile; fileRef = D00C346827070A9E00FE6BCF /* AttentionView.swift */; };
		D0192CF02707146D00C1C1DE /* Realm in Frameworks */ = {isa = PBXBuildFile; productRef = D0192CEF2707146D00C1C1DE /* Realm */; settings = {ATTRIBUTES = (Required, ); }; };
		D0192CF22707146D00C1C1DE /* RealmSwift in Frameworks */ = {isa = PBXBuildFile; productRef = D0192CF12707146D00C1C1DE /* RealmSwift */; settings = {ATTRIBUTES = (Required, ); }; };
		D0192CFB270B00B200C1C1DE /* TestAddCityViewModel.swift in Sources */ = {isa = PBXBuildFile; fileRef = D0192CFA270B00B200C1C1DE /* TestAddCityViewModel.swift */; };
		D0192D04270B119800C1C1DE /* TestDetailViewModel.swift in Sources */ = {isa = PBXBuildFile; fileRef = D0192D03270B119800C1C1DE /* TestDetailViewModel.swift */; };
		D0192D06270B166900C1C1DE /* TestDateExtension.swift in Sources */ = {isa = PBXBuildFile; fileRef = D0192D05270B166900C1C1DE /* TestDateExtension.swift */; };
		D0192D08270B180B00C1C1DE /* TestRealmService.swift in Sources */ = {isa = PBXBuildFile; fileRef = D0192D07270B180B00C1C1DE /* TestRealmService.swift */; };
		D053B37326FC7CB800307F56 /* DBModel.swift in Sources */ = {isa = PBXBuildFile; fileRef = D053B37226FC7CB800307F56 /* DBModel.swift */; };
		D053B37626FCB38800307F56 /* Date+Extension.swift in Sources */ = {isa = PBXBuildFile; fileRef = D053B37526FCB38800307F56 /* Date+Extension.swift */; };
		D053B37A26FF46EF00307F56 /* LocationManager.swift in Sources */ = {isa = PBXBuildFile; fileRef = D053B37926FF46EF00307F56 /* LocationManager.swift */; };
		D0550AE226FB4D01007E2625 /* AppDelegate.swift in Sources */ = {isa = PBXBuildFile; fileRef = D0550AE126FB4D01007E2625 /* AppDelegate.swift */; };
		D0550AE426FB4D01007E2625 /* SceneDelegate.swift in Sources */ = {isa = PBXBuildFile; fileRef = D0550AE326FB4D01007E2625 /* SceneDelegate.swift */; };
		D0550AE626FB4D01007E2625 /* MainView.swift in Sources */ = {isa = PBXBuildFile; fileRef = D0550AE526FB4D01007E2625 /* MainView.swift */; };
		D0550AE826FB4D02007E2625 /* Assets.xcassets in Resources */ = {isa = PBXBuildFile; fileRef = D0550AE726FB4D02007E2625 /* Assets.xcassets */; };
		D0550AEB26FB4D02007E2625 /* Preview Assets.xcassets in Resources */ = {isa = PBXBuildFile; fileRef = D0550AEA26FB4D02007E2625 /* Preview Assets.xcassets */; };
		D0550AEE26FB4D02007E2625 /* LaunchScreen.storyboard in Resources */ = {isa = PBXBuildFile; fileRef = D0550AEC26FB4D02007E2625 /* LaunchScreen.storyboard */; };
		D0550B0126FB81B8007E2625 /* WeatherModel.swift in Sources */ = {isa = PBXBuildFile; fileRef = D0550B0026FB81B8007E2625 /* WeatherModel.swift */; };
		D0550B0426FB81FE007E2625 /* NetworkService.swift in Sources */ = {isa = PBXBuildFile; fileRef = D0550B0326FB81FE007E2625 /* NetworkService.swift */; };
		D0550B0626FB843B007E2625 /* MainViewModel.swift in Sources */ = {isa = PBXBuildFile; fileRef = D0550B0526FB843B007E2625 /* MainViewModel.swift */; };
		D0550B1826FBC539007E2625 /* DetailView.swift in Sources */ = {isa = PBXBuildFile; fileRef = D0550B1726FBC539007E2625 /* DetailView.swift */; };
		D0550B1A26FBC707007E2625 /* FragmentView.swift in Sources */ = {isa = PBXBuildFile; fileRef = D0550B1926FBC707007E2625 /* FragmentView.swift */; };
		D0550B1C26FBD1CE007E2625 /* AddCityView.swift in Sources */ = {isa = PBXBuildFile; fileRef = D0550B1B26FBD1CE007E2625 /* AddCityView.swift */; };
		D064A4E12700778C00C5A1B1 /* Localizable.strings in Resources */ = {isa = PBXBuildFile; fileRef = D064A4E32700778C00C5A1B1 /* Localizable.strings */; };
		D06A0648270DA45800E05CDA /* SettingsViewModel.swift in Sources */ = {isa = PBXBuildFile; fileRef = D06A0647270DA45800E05CDA /* SettingsViewModel.swift */; };
		D06A064A270DA46100E05CDA /* SettingsView.swift in Sources */ = {isa = PBXBuildFile; fileRef = D06A0649270DA46100E05CDA /* SettingsView.swift */; };
		D06A064C270DC0EB00E05CDA /* TestSettingsViewModel.swift in Sources */ = {isa = PBXBuildFile; fileRef = D06A064B270DC0EB00E05CDA /* TestSettingsViewModel.swift */; };
		D06A064E270DC5C800E05CDA /* TestSettingsScreen.swift in Sources */ = {isa = PBXBuildFile; fileRef = D06A064D270DC5C800E05CDA /* TestSettingsScreen.swift */; };
		D0B4735E270B261600D04485 /* TestMainViewModel.swift in Sources */ = {isa = PBXBuildFile; fileRef = D0B4735D270B261600D04485 /* TestMainViewModel.swift */; };
		D0B47360270B276F00D04485 /* TestNetworkService.swift in Sources */ = {isa = PBXBuildFile; fileRef = D0B4735F270B276F00D04485 /* TestNetworkService.swift */; };
		D0B6A8E227172C4A00DF541A /* RealmServiceSecond.swift in Sources */ = {isa = PBXBuildFile; fileRef = D0B6A8E127172C4A00DF541A /* RealmServiceSecond.swift */; };
		D0C8191C2704FABC00ECC355 /* TemperatureDescriptionCell.swift in Sources */ = {isa = PBXBuildFile; fileRef = D0C8191B2704FABC00ECC355 /* TemperatureDescriptionCell.swift */; };
		D0E41F5A270E2F1800110F6D /* Language.swift in Sources */ = {isa = PBXBuildFile; fileRef = D0E41F59270E2F1800110F6D /* Language.swift */; };
		D0E41F5C270E2F3100110F6D /* String+Extension.swift in Sources */ = {isa = PBXBuildFile; fileRef = D0E41F5B270E2F3100110F6D /* String+Extension.swift */; };
		D0E41F5E270E30D300110F6D /* LocalizationService.swift in Sources */ = {isa = PBXBuildFile; fileRef = D0E41F5D270E30D300110F6D /* LocalizationService.swift */; };
		D0E41F60270EFDAE00110F6D /* TestLocalizationService.swift in Sources */ = {isa = PBXBuildFile; fileRef = D0E41F5F270EFDAE00110F6D /* TestLocalizationService.swift */; };
		D0E41F62270F13DA00110F6D /* Colors.swift in Sources */ = {isa = PBXBuildFile; fileRef = D0E41F61270F13DA00110F6D /* Colors.swift */; };
		D0E41F64270F13FF00110F6D /* ColorChangeService.swift in Sources */ = {isa = PBXBuildFile; fileRef = D0E41F63270F13FF00110F6D /* ColorChangeService.swift */; };
		D0E41F68270F3D0400110F6D /* TestColorChangeService.swift in Sources */ = {isa = PBXBuildFile; fileRef = D0E41F67270F3D0400110F6D /* TestColorChangeService.swift */; };
		D0E41F8527105D6E00110F6D /* Realm in Frameworks */ = {isa = PBXBuildFile; productRef = D0E41F8427105D6E00110F6D /* Realm */; };
		D0E41F8727105D6E00110F6D /* RealmSwift in Frameworks */ = {isa = PBXBuildFile; productRef = D0E41F8627105D6E00110F6D /* RealmSwift */; };
		D0E5EFD52715902A004B3628 /* Metrics.swift in Sources */ = {isa = PBXBuildFile; fileRef = D0E5EFD42715902A004B3628 /* Metrics.swift */; };
		D0E5EFD7271591AD004B3628 /* PicturesNames.swift in Sources */ = {isa = PBXBuildFile; fileRef = D0E5EFD6271591AD004B3628 /* PicturesNames.swift */; };
		D0F8083327122FED00EE2842 /* TempView.swift in Sources */ = {isa = PBXBuildFile; fileRef = D0F8083227122FED00EE2842 /* TempView.swift */; };
		D0F80837271326D700EE2842 /* PressureView.swift in Sources */ = {isa = PBXBuildFile; fileRef = D0F80836271326D700EE2842 /* PressureView.swift */; };
/* End PBXBuildFile section */

/* Begin PBXContainerItemProxy section */
		D00C344B2706079C00FE6BCF /* PBXContainerItemProxy */ = {
			isa = PBXContainerItemProxy;
			containerPortal = D0550AD626FB4D01007E2625 /* Project object */;
			proxyType = 1;
			remoteGlobalIDString = D0550ADD26FB4D01007E2625;
			remoteInfo = OpenWeather;
		};
		D0192CFC270B00B200C1C1DE /* PBXContainerItemProxy */ = {
			isa = PBXContainerItemProxy;
			containerPortal = D0550AD626FB4D01007E2625 /* Project object */;
			proxyType = 1;
			remoteGlobalIDString = D0550ADD26FB4D01007E2625;
			remoteInfo = OpenWeather;
		};
/* End PBXContainerItemProxy section */

/* Begin PBXCopyFilesBuildPhase section */
		D0E41F8127105A2F00110F6D /* Embed App Extensions */ = {
			isa = PBXCopyFilesBuildPhase;
			buildActionMask = 2147483647;
			dstPath = "";
			dstSubfolderSpec = 13;
			files = (
			);
			name = "Embed App Extensions";
			runOnlyForDeploymentPostprocessing = 0;
		};
/* End PBXCopyFilesBuildPhase section */

/* Begin PBXFileReference section */
		D00C343C2705972100FE6BCF /* UIApplication+Extension.swift */ = {isa = PBXFileReference; lastKnownFileType = sourcecode.swift; path = "UIApplication+Extension.swift"; sourceTree = "<group>"; };
		D00C343F2705A12B00FE6BCF /* Emojis.swift */ = {isa = PBXFileReference; lastKnownFileType = sourcecode.swift; path = Emojis.swift; sourceTree = "<group>"; };
		D00C34452706079B00FE6BCF /* OpenWeatherUITests.xctest */ = {isa = PBXFileReference; explicitFileType = wrapper.cfbundle; includeInIndex = 0; path = OpenWeatherUITests.xctest; sourceTree = BUILT_PRODUCTS_DIR; };
		D00C34472706079B00FE6BCF /* OpenWeatherUITests.swift */ = {isa = PBXFileReference; lastKnownFileType = sourcecode.swift; path = OpenWeatherUITests.swift; sourceTree = "<group>"; };
		D00C34492706079C00FE6BCF /* OpenWeatherUITestsLaunchTests.swift */ = {isa = PBXFileReference; lastKnownFileType = sourcecode.swift; path = OpenWeatherUITestsLaunchTests.swift; sourceTree = "<group>"; };
		D00C3450270613BD00FE6BCF /* TestDetailScreen.swift */ = {isa = PBXFileReference; lastKnownFileType = sourcecode.swift; path = TestDetailScreen.swift; sourceTree = "<group>"; };
		D00C3459270617C300FE6BCF /* DetailViewModel.swift */ = {isa = PBXFileReference; lastKnownFileType = sourcecode.swift; path = DetailViewModel.swift; sourceTree = "<group>"; };
		D00C345F2706585000FE6BCF /* Constants.swift */ = {isa = PBXFileReference; lastKnownFileType = sourcecode.swift; path = Constants.swift; sourceTree = "<group>"; };
		D00C34642706FCE500FE6BCF /* AddCityViewModel.swift */ = {isa = PBXFileReference; lastKnownFileType = sourcecode.swift; path = AddCityViewModel.swift; sourceTree = "<group>"; };
		D00C34662707068E00FE6BCF /* Reachability.swift */ = {isa = PBXFileReference; lastKnownFileType = sourcecode.swift; path = Reachability.swift; sourceTree = "<group>"; };
		D00C346827070A9E00FE6BCF /* AttentionView.swift */ = {isa = PBXFileReference; lastKnownFileType = sourcecode.swift; path = AttentionView.swift; sourceTree = "<group>"; };
		D0192CF8270B00B200C1C1DE /* OpenWeatherUnitTests.xctest */ = {isa = PBXFileReference; explicitFileType = wrapper.cfbundle; includeInIndex = 0; path = OpenWeatherUnitTests.xctest; sourceTree = BUILT_PRODUCTS_DIR; };
		D0192CFA270B00B200C1C1DE /* TestAddCityViewModel.swift */ = {isa = PBXFileReference; lastKnownFileType = sourcecode.swift; path = TestAddCityViewModel.swift; sourceTree = "<group>"; };
		D0192D03270B119800C1C1DE /* TestDetailViewModel.swift */ = {isa = PBXFileReference; lastKnownFileType = sourcecode.swift; path = TestDetailViewModel.swift; sourceTree = "<group>"; };
		D0192D05270B166900C1C1DE /* TestDateExtension.swift */ = {isa = PBXFileReference; lastKnownFileType = sourcecode.swift; path = TestDateExtension.swift; sourceTree = "<group>"; };
		D0192D07270B180B00C1C1DE /* TestRealmService.swift */ = {isa = PBXFileReference; lastKnownFileType = sourcecode.swift; path = TestRealmService.swift; sourceTree = "<group>"; };
		D053B37226FC7CB800307F56 /* DBModel.swift */ = {isa = PBXFileReference; lastKnownFileType = sourcecode.swift; path = DBModel.swift; sourceTree = "<group>"; };
		D053B37526FCB38800307F56 /* Date+Extension.swift */ = {isa = PBXFileReference; lastKnownFileType = sourcecode.swift; path = "Date+Extension.swift"; sourceTree = "<group>"; };
		D053B37926FF46EF00307F56 /* LocationManager.swift */ = {isa = PBXFileReference; lastKnownFileType = sourcecode.swift; path = LocationManager.swift; sourceTree = "<group>"; };
		D0550ADE26FB4D01007E2625 /* OpenWeather.app */ = {isa = PBXFileReference; explicitFileType = wrapper.application; includeInIndex = 0; path = OpenWeather.app; sourceTree = BUILT_PRODUCTS_DIR; };
		D0550AE126FB4D01007E2625 /* AppDelegate.swift */ = {isa = PBXFileReference; lastKnownFileType = sourcecode.swift; path = AppDelegate.swift; sourceTree = "<group>"; };
		D0550AE326FB4D01007E2625 /* SceneDelegate.swift */ = {isa = PBXFileReference; lastKnownFileType = sourcecode.swift; path = SceneDelegate.swift; sourceTree = "<group>"; };
		D0550AE526FB4D01007E2625 /* MainView.swift */ = {isa = PBXFileReference; lastKnownFileType = sourcecode.swift; path = MainView.swift; sourceTree = "<group>"; };
		D0550AE726FB4D02007E2625 /* Assets.xcassets */ = {isa = PBXFileReference; lastKnownFileType = folder.assetcatalog; path = Assets.xcassets; sourceTree = "<group>"; };
		D0550AEA26FB4D02007E2625 /* Preview Assets.xcassets */ = {isa = PBXFileReference; lastKnownFileType = folder.assetcatalog; path = "Preview Assets.xcassets"; sourceTree = "<group>"; };
		D0550AED26FB4D02007E2625 /* Base */ = {isa = PBXFileReference; lastKnownFileType = file.storyboard; name = Base; path = Base.lproj/LaunchScreen.storyboard; sourceTree = "<group>"; };
		D0550AEF26FB4D02007E2625 /* Info.plist */ = {isa = PBXFileReference; lastKnownFileType = text.plist.xml; path = Info.plist; sourceTree = "<group>"; };
		D0550B0026FB81B8007E2625 /* WeatherModel.swift */ = {isa = PBXFileReference; lastKnownFileType = sourcecode.swift; path = WeatherModel.swift; sourceTree = "<group>"; };
		D0550B0326FB81FE007E2625 /* NetworkService.swift */ = {isa = PBXFileReference; lastKnownFileType = sourcecode.swift; path = NetworkService.swift; sourceTree = "<group>"; };
		D0550B0526FB843B007E2625 /* MainViewModel.swift */ = {isa = PBXFileReference; lastKnownFileType = sourcecode.swift; path = MainViewModel.swift; sourceTree = "<group>"; };
		D0550B1726FBC539007E2625 /* DetailView.swift */ = {isa = PBXFileReference; lastKnownFileType = sourcecode.swift; path = DetailView.swift; sourceTree = "<group>"; };
		D0550B1926FBC707007E2625 /* FragmentView.swift */ = {isa = PBXFileReference; lastKnownFileType = sourcecode.swift; path = FragmentView.swift; sourceTree = "<group>"; };
		D0550B1B26FBD1CE007E2625 /* AddCityView.swift */ = {isa = PBXFileReference; lastKnownFileType = sourcecode.swift; path = AddCityView.swift; sourceTree = "<group>"; };
		D064A4DE270075AD00C5A1B1 /* ru */ = {isa = PBXFileReference; lastKnownFileType = text.plist.strings; name = ru; path = ru.lproj/LaunchScreen.strings; sourceTree = "<group>"; };
		D064A4E22700778C00C5A1B1 /* ru */ = {isa = PBXFileReference; lastKnownFileType = text.plist.strings; name = ru; path = ru.lproj/Localizable.strings; sourceTree = "<group>"; };
		D064A4E42700779700C5A1B1 /* en */ = {isa = PBXFileReference; lastKnownFileType = text.plist.strings; name = en; path = en.lproj/Localizable.strings; sourceTree = "<group>"; };
		D06A0647270DA45800E05CDA /* SettingsViewModel.swift */ = {isa = PBXFileReference; lastKnownFileType = sourcecode.swift; path = SettingsViewModel.swift; sourceTree = "<group>"; };
		D06A0649270DA46100E05CDA /* SettingsView.swift */ = {isa = PBXFileReference; lastKnownFileType = sourcecode.swift; path = SettingsView.swift; sourceTree = "<group>"; };
		D06A064B270DC0EB00E05CDA /* TestSettingsViewModel.swift */ = {isa = PBXFileReference; lastKnownFileType = sourcecode.swift; path = TestSettingsViewModel.swift; sourceTree = "<group>"; };
		D06A064D270DC5C800E05CDA /* TestSettingsScreen.swift */ = {isa = PBXFileReference; lastKnownFileType = sourcecode.swift; path = TestSettingsScreen.swift; sourceTree = "<group>"; };
		D0B4735D270B261600D04485 /* TestMainViewModel.swift */ = {isa = PBXFileReference; lastKnownFileType = sourcecode.swift; path = TestMainViewModel.swift; sourceTree = "<group>"; };
		D0B4735F270B276F00D04485 /* TestNetworkService.swift */ = {isa = PBXFileReference; lastKnownFileType = sourcecode.swift; path = TestNetworkService.swift; sourceTree = "<group>"; };
		D0B6A8E127172C4A00DF541A /* RealmServiceSecond.swift */ = {isa = PBXFileReference; lastKnownFileType = sourcecode.swift; path = RealmServiceSecond.swift; sourceTree = "<group>"; };
		D0C8191B2704FABC00ECC355 /* TemperatureDescriptionCell.swift */ = {isa = PBXFileReference; lastKnownFileType = sourcecode.swift; path = TemperatureDescriptionCell.swift; sourceTree = "<group>"; };
		D0E41F59270E2F1800110F6D /* Language.swift */ = {isa = PBXFileReference; lastKnownFileType = sourcecode.swift; path = Language.swift; sourceTree = "<group>"; };
		D0E41F5B270E2F3100110F6D /* String+Extension.swift */ = {isa = PBXFileReference; lastKnownFileType = sourcecode.swift; path = "String+Extension.swift"; sourceTree = "<group>"; };
		D0E41F5D270E30D300110F6D /* LocalizationService.swift */ = {isa = PBXFileReference; lastKnownFileType = sourcecode.swift; path = LocalizationService.swift; sourceTree = "<group>"; };
		D0E41F5F270EFDAE00110F6D /* TestLocalizationService.swift */ = {isa = PBXFileReference; lastKnownFileType = sourcecode.swift; path = TestLocalizationService.swift; sourceTree = "<group>"; };
		D0E41F61270F13DA00110F6D /* Colors.swift */ = {isa = PBXFileReference; lastKnownFileType = sourcecode.swift; path = Colors.swift; sourceTree = "<group>"; };
		D0E41F63270F13FF00110F6D /* ColorChangeService.swift */ = {isa = PBXFileReference; lastKnownFileType = sourcecode.swift; path = ColorChangeService.swift; sourceTree = "<group>"; };
		D0E41F67270F3D0400110F6D /* TestColorChangeService.swift */ = {isa = PBXFileReference; lastKnownFileType = sourcecode.swift; path = TestColorChangeService.swift; sourceTree = "<group>"; };
		D0E41F6E27105A2C00110F6D /* WidgetKit.framework */ = {isa = PBXFileReference; lastKnownFileType = wrapper.framework; name = WidgetKit.framework; path = System/Library/Frameworks/WidgetKit.framework; sourceTree = SDKROOT; };
		D0E41F7027105A2C00110F6D /* SwiftUI.framework */ = {isa = PBXFileReference; lastKnownFileType = wrapper.framework; name = SwiftUI.framework; path = System/Library/Frameworks/SwiftUI.framework; sourceTree = SDKROOT; };
		D0E5EFD42715902A004B3628 /* Metrics.swift */ = {isa = PBXFileReference; lastKnownFileType = sourcecode.swift; path = Metrics.swift; sourceTree = "<group>"; };
		D0E5EFD6271591AD004B3628 /* PicturesNames.swift */ = {isa = PBXFileReference; lastKnownFileType = sourcecode.swift; path = PicturesNames.swift; sourceTree = "<group>"; };
		D0F8083227122FED00EE2842 /* TempView.swift */ = {isa = PBXFileReference; lastKnownFileType = sourcecode.swift; path = TempView.swift; sourceTree = "<group>"; };
		D0F80836271326D700EE2842 /* PressureView.swift */ = {isa = PBXFileReference; lastKnownFileType = sourcecode.swift; path = PressureView.swift; sourceTree = "<group>"; };
/* End PBXFileReference section */

/* Begin PBXFrameworksBuildPhase section */
		D00C34422706079B00FE6BCF /* Frameworks */ = {
			isa = PBXFrameworksBuildPhase;
			buildActionMask = 2147483647;
			files = (
				D0E41F8727105D6E00110F6D /* RealmSwift in Frameworks */,
				D0E41F8527105D6E00110F6D /* Realm in Frameworks */,
			);
			runOnlyForDeploymentPostprocessing = 0;
		};
		D0192CF5270B00B200C1C1DE /* Frameworks */ = {
			isa = PBXFrameworksBuildPhase;
			buildActionMask = 2147483647;
			files = (
			);
			runOnlyForDeploymentPostprocessing = 0;
		};
		D0550ADB26FB4D01007E2625 /* Frameworks */ = {
			isa = PBXFrameworksBuildPhase;
			buildActionMask = 2147483647;
			files = (
				D0192CF22707146D00C1C1DE /* RealmSwift in Frameworks */,
				D0192CF02707146D00C1C1DE /* Realm in Frameworks */,
			);
			runOnlyForDeploymentPostprocessing = 0;
		};
/* End PBXFrameworksBuildPhase section */

/* Begin PBXGroup section */
		D00C343E2705A11C00FE6BCF /* Constants */ = {
			isa = PBXGroup;
			children = (
				D00C343F2705A12B00FE6BCF /* Emojis.swift */,
				D00C345F2706585000FE6BCF /* Constants.swift */,
			);
			path = Constants;
			sourceTree = "<group>";
		};
		D00C34462706079B00FE6BCF /* OpenWeatherUITests */ = {
			isa = PBXGroup;
			children = (
				D00C34472706079B00FE6BCF /* OpenWeatherUITests.swift */,
				D00C3450270613BD00FE6BCF /* TestDetailScreen.swift */,
				D06A064D270DC5C800E05CDA /* TestSettingsScreen.swift */,
				D00C34492706079C00FE6BCF /* OpenWeatherUITestsLaunchTests.swift */,
			);
			path = OpenWeatherUITests;
			sourceTree = "<group>";
		};
		D00C3453270616C700FE6BCF /* Models */ = {
			isa = PBXGroup;
			children = (
				D0550B0026FB81B8007E2625 /* WeatherModel.swift */,
				D053B37226FC7CB800307F56 /* DBModel.swift */,
			);
			path = Models;
			sourceTree = "<group>";
		};
		D00C3454270616DF00FE6BCF /* Services */ = {
			isa = PBXGroup;
			children = (
				D0550B0326FB81FE007E2625 /* NetworkService.swift */,
				D053B37926FF46EF00307F56 /* LocationManager.swift */,
				D0B6A8E127172C4A00DF541A /* RealmServiceSecond.swift */,
				D00C34662707068E00FE6BCF /* Reachability.swift */,
				D0E41F5D270E30D300110F6D /* LocalizationService.swift */,
				D0E41F63270F13FF00110F6D /* ColorChangeService.swift */,
			);
			path = Services;
			sourceTree = "<group>";
		};
		D00C3455270616FF00FE6BCF /* DetailView */ = {
			isa = PBXGroup;
			children = (
				D00C34572706173200FE6BCF /* ViewModel */,
				D00C34562706172C00FE6BCF /* View */,
			);
			path = DetailView;
			sourceTree = "<group>";
		};
		D00C34562706172C00FE6BCF /* View */ = {
			isa = PBXGroup;
			children = (
				D0550B1726FBC539007E2625 /* DetailView.swift */,
				D0F8083127122FC200EE2842 /* HelpingViews */,
			);
			path = View;
			sourceTree = "<group>";
		};
		D00C34572706173200FE6BCF /* ViewModel */ = {
			isa = PBXGroup;
			children = (
				D00C3459270617C300FE6BCF /* DetailViewModel.swift */,
			);
			path = ViewModel;
			sourceTree = "<group>";
		};
		D00C34612706FCC000FE6BCF /* AddCityView */ = {
			isa = PBXGroup;
			children = (
				D00C34632706FCD400FE6BCF /* ViewModel */,
				D00C34622706FCCB00FE6BCF /* View */,
			);
			path = AddCityView;
			sourceTree = "<group>";
		};
		D00C34622706FCCB00FE6BCF /* View */ = {
			isa = PBXGroup;
			children = (
				D0550B1B26FBD1CE007E2625 /* AddCityView.swift */,
			);
			path = View;
			sourceTree = "<group>";
		};
		D00C34632706FCD400FE6BCF /* ViewModel */ = {
			isa = PBXGroup;
			children = (
				D00C34642706FCE500FE6BCF /* AddCityViewModel.swift */,
			);
			path = ViewModel;
			sourceTree = "<group>";
		};
		D0192CF3270AD61A00C1C1DE /* HelpingViews */ = {
			isa = PBXGroup;
			children = (
				D00C346827070A9E00FE6BCF /* AttentionView.swift */,
				D0C8191B2704FABC00ECC355 /* TemperatureDescriptionCell.swift */,
			);
			path = HelpingViews;
			sourceTree = "<group>";
		};
		D0192CF9270B00B200C1C1DE /* OpenWeatherUnitTests */ = {
			isa = PBXGroup;
			children = (
				D0192CFA270B00B200C1C1DE /* TestAddCityViewModel.swift */,
				D0192D03270B119800C1C1DE /* TestDetailViewModel.swift */,
				D0192D05270B166900C1C1DE /* TestDateExtension.swift */,
				D0192D07270B180B00C1C1DE /* TestRealmService.swift */,
				D0B4735D270B261600D04485 /* TestMainViewModel.swift */,
				D0B4735F270B276F00D04485 /* TestNetworkService.swift */,
				D06A064B270DC0EB00E05CDA /* TestSettingsViewModel.swift */,
				D0E41F5F270EFDAE00110F6D /* TestLocalizationService.swift */,
				D0E41F67270F3D0400110F6D /* TestColorChangeService.swift */,
			);
			path = OpenWeatherUnitTests;
			sourceTree = "<group>";
		};
		D053B37426FCB37600307F56 /* Extensions */ = {
			isa = PBXGroup;
			children = (
				D053B37526FCB38800307F56 /* Date+Extension.swift */,
				D00C343C2705972100FE6BCF /* UIApplication+Extension.swift */,
				D0E41F5B270E2F3100110F6D /* String+Extension.swift */,
			);
			path = Extensions;
			sourceTree = "<group>";
		};
		D0550AD526FB4D01007E2625 = {
			isa = PBXGroup;
			children = (
				D0550AE026FB4D01007E2625 /* OpenWeather */,
				D00C34462706079B00FE6BCF /* OpenWeatherUITests */,
				D0192CF9270B00B200C1C1DE /* OpenWeatherUnitTests */,
				D0550ADF26FB4D01007E2625 /* Products */,
				D0550B0926FBC1DA007E2625 /* Frameworks */,
			);
			sourceTree = "<group>";
		};
		D0550ADF26FB4D01007E2625 /* Products */ = {
			isa = PBXGroup;
			children = (
				D0550ADE26FB4D01007E2625 /* OpenWeather.app */,
				D00C34452706079B00FE6BCF /* OpenWeatherUITests.xctest */,
				D0192CF8270B00B200C1C1DE /* OpenWeatherUnitTests.xctest */,
			);
			name = Products;
			sourceTree = "<group>";
		};
		D0550AE026FB4D01007E2625 /* OpenWeather */ = {
			isa = PBXGroup;
			children = (
				D0550AE126FB4D01007E2625 /* AppDelegate.swift */,
				D0550AE326FB4D01007E2625 /* SceneDelegate.swift */,
				D0E41F58270E2F0B00110F6D /* Enums */,
				D00C3454270616DF00FE6BCF /* Services */,
				D00C3453270616C700FE6BCF /* Models */,
				D00C343E2705A11C00FE6BCF /* Constants */,
				D053B37426FCB37600307F56 /* Extensions */,
				D0550AFA26FB6808007E2625 /* MainView */,
				D0550AE726FB4D02007E2625 /* Assets.xcassets */,
				D06A0644270DA43400E05CDA /* SettingsView */,
				D00C34612706FCC000FE6BCF /* AddCityView */,
				D00C3455270616FF00FE6BCF /* DetailView */,
				D0550AEC26FB4D02007E2625 /* LaunchScreen.storyboard */,
				D064A4E32700778C00C5A1B1 /* Localizable.strings */,
				D0550AEF26FB4D02007E2625 /* Info.plist */,
				D0550AE926FB4D02007E2625 /* Preview Content */,
			);
			path = OpenWeather;
			sourceTree = "<group>";
		};
		D0550AE926FB4D02007E2625 /* Preview Content */ = {
			isa = PBXGroup;
			children = (
				D0550AEA26FB4D02007E2625 /* Preview Assets.xcassets */,
			);
			path = "Preview Content";
			sourceTree = "<group>";
		};
		D0550AFA26FB6808007E2625 /* MainView */ = {
			isa = PBXGroup;
			children = (
				D0550AFC26FB6876007E2625 /* ViewModel */,
				D0550AFB26FB6863007E2625 /* View */,
			);
			path = MainView;
			sourceTree = "<group>";
		};
		D0550AFB26FB6863007E2625 /* View */ = {
			isa = PBXGroup;
			children = (
				D0192CF3270AD61A00C1C1DE /* HelpingViews */,
				D0550B1526FBC521007E2625 /* MainView */,
			);
			path = View;
			sourceTree = "<group>";
		};
		D0550AFC26FB6876007E2625 /* ViewModel */ = {
			isa = PBXGroup;
			children = (
				D0550B0526FB843B007E2625 /* MainViewModel.swift */,
			);
			path = ViewModel;
			sourceTree = "<group>";
		};
		D0550B0926FBC1DA007E2625 /* Frameworks */ = {
			isa = PBXGroup;
			children = (
				D0E41F6E27105A2C00110F6D /* WidgetKit.framework */,
				D0E41F7027105A2C00110F6D /* SwiftUI.framework */,
			);
			name = Frameworks;
			sourceTree = "<group>";
		};
		D0550B1526FBC521007E2625 /* MainView */ = {
			isa = PBXGroup;
			children = (
				D0550AE526FB4D01007E2625 /* MainView.swift */,
			);
			path = MainView;
			sourceTree = "<group>";
		};
		D06A0644270DA43400E05CDA /* SettingsView */ = {
			isa = PBXGroup;
			children = (
				D06A0646270DA44500E05CDA /* View */,
				D06A0645270DA43F00E05CDA /* ViewModel */,
			);
			path = SettingsView;
			sourceTree = "<group>";
		};
		D06A0645270DA43F00E05CDA /* ViewModel */ = {
			isa = PBXGroup;
			children = (
				D06A0647270DA45800E05CDA /* SettingsViewModel.swift */,
			);
			path = ViewModel;
			sourceTree = "<group>";
		};
		D06A0646270DA44500E05CDA /* View */ = {
			isa = PBXGroup;
			children = (
				D06A0649270DA46100E05CDA /* SettingsView.swift */,
			);
			path = View;
			sourceTree = "<group>";
		};
		D0E41F58270E2F0B00110F6D /* Enums */ = {
			isa = PBXGroup;
			children = (
				D0E41F59270E2F1800110F6D /* Language.swift */,
				D0E41F61270F13DA00110F6D /* Colors.swift */,
				D0E5EFD42715902A004B3628 /* Metrics.swift */,
				D0E5EFD6271591AD004B3628 /* PicturesNames.swift */,
			);
			path = Enums;
			sourceTree = "<group>";
		};
		D0F8083127122FC200EE2842 /* HelpingViews */ = {
			isa = PBXGroup;
			children = (
				D0550B1926FBC707007E2625 /* FragmentView.swift */,
				D0F8083227122FED00EE2842 /* TempView.swift */,
				D0F80836271326D700EE2842 /* PressureView.swift */,
			);
			path = HelpingViews;
			sourceTree = "<group>";
		};
/* End PBXGroup section */

/* Begin PBXNativeTarget section */
		D00C34442706079B00FE6BCF /* OpenWeatherUITests */ = {
			isa = PBXNativeTarget;
			buildConfigurationList = D00C344D2706079C00FE6BCF /* Build configuration list for PBXNativeTarget "OpenWeatherUITests" */;
			buildPhases = (
				D00C34412706079B00FE6BCF /* Sources */,
				D00C34422706079B00FE6BCF /* Frameworks */,
				D00C34432706079B00FE6BCF /* Resources */,
			);
			buildRules = (
			);
			dependencies = (
				D00C344C2706079C00FE6BCF /* PBXTargetDependency */,
			);
			name = OpenWeatherUITests;
			packageProductDependencies = (
				D0E41F8427105D6E00110F6D /* Realm */,
				D0E41F8627105D6E00110F6D /* RealmSwift */,
			);
			productName = OpenWeatherUITests;
			productReference = D00C34452706079B00FE6BCF /* OpenWeatherUITests.xctest */;
			productType = "com.apple.product-type.bundle.ui-testing";
		};
		D0192CF7270B00B200C1C1DE /* OpenWeatherUnitTests */ = {
			isa = PBXNativeTarget;
			buildConfigurationList = D0192CFE270B00B200C1C1DE /* Build configuration list for PBXNativeTarget "OpenWeatherUnitTests" */;
			buildPhases = (
				D0192CF4270B00B200C1C1DE /* Sources */,
				D0192CF5270B00B200C1C1DE /* Frameworks */,
				D0192CF6270B00B200C1C1DE /* Resources */,
			);
			buildRules = (
			);
			dependencies = (
				D0192CFD270B00B200C1C1DE /* PBXTargetDependency */,
			);
			name = OpenWeatherUnitTests;
			productName = OpenWeatherUnitTests;
			productReference = D0192CF8270B00B200C1C1DE /* OpenWeatherUnitTests.xctest */;
			productType = "com.apple.product-type.bundle.unit-test";
		};
		D0550ADD26FB4D01007E2625 /* OpenWeather */ = {
			isa = PBXNativeTarget;
			buildConfigurationList = D0550AF226FB4D02007E2625 /* Build configuration list for PBXNativeTarget "OpenWeather" */;
			buildPhases = (
				D0550ADA26FB4D01007E2625 /* Sources */,
				D0550ADB26FB4D01007E2625 /* Frameworks */,
				D0550ADC26FB4D01007E2625 /* Resources */,
				D0E41F8127105A2F00110F6D /* Embed App Extensions */,
			);
			buildRules = (
			);
			dependencies = (
				D03CD424270CEDA2006DA670 /* PBXTargetDependency */,
				D03CD426270CEDA2006DA670 /* PBXTargetDependency */,
			);
			name = OpenWeather;
			packageProductDependencies = (
				D0192CEF2707146D00C1C1DE /* Realm */,
				D0192CF12707146D00C1C1DE /* RealmSwift */,
			);
			productName = OpenWeather;
			productReference = D0550ADE26FB4D01007E2625 /* OpenWeather.app */;
			productType = "com.apple.product-type.application";
		};
/* End PBXNativeTarget section */

/* Begin PBXProject section */
		D0550AD626FB4D01007E2625 /* Project object */ = {
			isa = PBXProject;
			attributes = {
				LastSwiftUpdateCheck = 1300;
				LastUpgradeCheck = 1250;
				TargetAttributes = {
					D00C34442706079B00FE6BCF = {
						CreatedOnToolsVersion = 13.0;
						TestTargetID = D0550ADD26FB4D01007E2625;
					};
					D0192CF7270B00B200C1C1DE = {
						CreatedOnToolsVersion = 13.0;
						TestTargetID = D0550ADD26FB4D01007E2625;
					};
					D0550ADD26FB4D01007E2625 = {
						CreatedOnToolsVersion = 12.5.1;
					};
				};
			};
			buildConfigurationList = D0550AD926FB4D01007E2625 /* Build configuration list for PBXProject "OpenWeather" */;
			compatibilityVersion = "Xcode 9.3";
			developmentRegion = en;
			hasScannedForEncodings = 0;
			knownRegions = (
				en,
				Base,
				ru,
			);
			mainGroup = D0550AD526FB4D01007E2625;
			packageReferences = (
				D0550AF526FB676C007E2625 /* XCRemoteSwiftPackageReference "realm-cocoa" */,
			);
			productRefGroup = D0550ADF26FB4D01007E2625 /* Products */;
			projectDirPath = "";
			projectRoot = "";
			targets = (
				D0550ADD26FB4D01007E2625 /* OpenWeather */,
				D00C34442706079B00FE6BCF /* OpenWeatherUITests */,
				D0192CF7270B00B200C1C1DE /* OpenWeatherUnitTests */,
			);
		};
/* End PBXProject section */

/* Begin PBXResourcesBuildPhase section */
		D00C34432706079B00FE6BCF /* Resources */ = {
			isa = PBXResourcesBuildPhase;
			buildActionMask = 2147483647;
			files = (
			);
			runOnlyForDeploymentPostprocessing = 0;
		};
		D0192CF6270B00B200C1C1DE /* Resources */ = {
			isa = PBXResourcesBuildPhase;
			buildActionMask = 2147483647;
			files = (
			);
			runOnlyForDeploymentPostprocessing = 0;
		};
		D0550ADC26FB4D01007E2625 /* Resources */ = {
			isa = PBXResourcesBuildPhase;
			buildActionMask = 2147483647;
			files = (
				D0550AEE26FB4D02007E2625 /* LaunchScreen.storyboard in Resources */,
				D064A4E12700778C00C5A1B1 /* Localizable.strings in Resources */,
				D0550AEB26FB4D02007E2625 /* Preview Assets.xcassets in Resources */,
				D0550AE826FB4D02007E2625 /* Assets.xcassets in Resources */,
			);
			runOnlyForDeploymentPostprocessing = 0;
		};
/* End PBXResourcesBuildPhase section */

/* Begin PBXSourcesBuildPhase section */
		D00C34412706079B00FE6BCF /* Sources */ = {
			isa = PBXSourcesBuildPhase;
			buildActionMask = 2147483647;
			files = (
				D06A064E270DC5C800E05CDA /* TestSettingsScreen.swift in Sources */,
				D00C34482706079B00FE6BCF /* OpenWeatherUITests.swift in Sources */,
				D00C344A2706079C00FE6BCF /* OpenWeatherUITestsLaunchTests.swift in Sources */,
				D00C3451270613BD00FE6BCF /* TestDetailScreen.swift in Sources */,
			);
			runOnlyForDeploymentPostprocessing = 0;
		};
		D0192CF4270B00B200C1C1DE /* Sources */ = {
			isa = PBXSourcesBuildPhase;
			buildActionMask = 2147483647;
			files = (
				D0192CFB270B00B200C1C1DE /* TestAddCityViewModel.swift in Sources */,
				D0192D06270B166900C1C1DE /* TestDateExtension.swift in Sources */,
				D0E41F60270EFDAE00110F6D /* TestLocalizationService.swift in Sources */,
				D0B47360270B276F00D04485 /* TestNetworkService.swift in Sources */,
				D0E41F68270F3D0400110F6D /* TestColorChangeService.swift in Sources */,
				D0192D04270B119800C1C1DE /* TestDetailViewModel.swift in Sources */,
				D06A064C270DC0EB00E05CDA /* TestSettingsViewModel.swift in Sources */,
				D0B4735E270B261600D04485 /* TestMainViewModel.swift in Sources */,
				D0192D08270B180B00C1C1DE /* TestRealmService.swift in Sources */,
			);
			runOnlyForDeploymentPostprocessing = 0;
		};
		D0550ADA26FB4D01007E2625 /* Sources */ = {
			isa = PBXSourcesBuildPhase;
			buildActionMask = 2147483647;
			files = (
				D00C34402705A12B00FE6BCF /* Emojis.swift in Sources */,
				D06A064A270DA46100E05CDA /* SettingsView.swift in Sources */,
				D0550AE226FB4D01007E2625 /* AppDelegate.swift in Sources */,
				D0550B1826FBC539007E2625 /* DetailView.swift in Sources */,
				D00C343D2705972100FE6BCF /* UIApplication+Extension.swift in Sources */,
				D0550B1A26FBC707007E2625 /* FragmentView.swift in Sources */,
				D0550AE426FB4D01007E2625 /* SceneDelegate.swift in Sources */,
				D0E41F5C270E2F3100110F6D /* String+Extension.swift in Sources */,
				D053B37626FCB38800307F56 /* Date+Extension.swift in Sources */,
				D0B6A8E227172C4A00DF541A /* RealmServiceSecond.swift in Sources */,
				D0E41F62270F13DA00110F6D /* Colors.swift in Sources */,
				D0C8191C2704FABC00ECC355 /* TemperatureDescriptionCell.swift in Sources */,
				D0550B1C26FBD1CE007E2625 /* AddCityView.swift in Sources */,
				D0550B0626FB843B007E2625 /* MainViewModel.swift in Sources */,
				D0550AE626FB4D01007E2625 /* MainView.swift in Sources */,
				D0E5EFD52715902A004B3628 /* Metrics.swift in Sources */,
				D053B37A26FF46EF00307F56 /* LocationManager.swift in Sources */,
				D0E5EFD7271591AD004B3628 /* PicturesNames.swift in Sources */,
				D00C345A270617C300FE6BCF /* DetailViewModel.swift in Sources */,
				D0E41F64270F13FF00110F6D /* ColorChangeService.swift in Sources */,
				D00C34602706585000FE6BCF /* Constants.swift in Sources */,
				D00C34652706FCE500FE6BCF /* AddCityViewModel.swift in Sources */,
				D0550B0426FB81FE007E2625 /* NetworkService.swift in Sources */,
				D0F8083327122FED00EE2842 /* TempView.swift in Sources */,
				D00C34672707068E00FE6BCF /* Reachability.swift in Sources */,
				D053B37326FC7CB800307F56 /* DBModel.swift in Sources */,
				D06A0648270DA45800E05CDA /* SettingsViewModel.swift in Sources */,
				D0E41F5E270E30D300110F6D /* LocalizationService.swift in Sources */,
				D0E41F5A270E2F1800110F6D /* Language.swift in Sources */,
				D0F80837271326D700EE2842 /* PressureView.swift in Sources */,
				D0550B0126FB81B8007E2625 /* WeatherModel.swift in Sources */,
				D00C346927070A9E00FE6BCF /* AttentionView.swift in Sources */,
			);
			runOnlyForDeploymentPostprocessing = 0;
		};
/* End PBXSourcesBuildPhase section */

/* Begin PBXTargetDependency section */
		D00C344C2706079C00FE6BCF /* PBXTargetDependency */ = {
			isa = PBXTargetDependency;
			target = D0550ADD26FB4D01007E2625 /* OpenWeather */;
			targetProxy = D00C344B2706079C00FE6BCF /* PBXContainerItemProxy */;
		};
		D0192CFD270B00B200C1C1DE /* PBXTargetDependency */ = {
			isa = PBXTargetDependency;
			target = D0550ADD26FB4D01007E2625 /* OpenWeather */;
			targetProxy = D0192CFC270B00B200C1C1DE /* PBXContainerItemProxy */;
		};
		D03CD424270CEDA2006DA670 /* PBXTargetDependency */ = {
			isa = PBXTargetDependency;
			productRef = D03CD423270CEDA2006DA670 /* Realm */;
		};
		D03CD426270CEDA2006DA670 /* PBXTargetDependency */ = {
			isa = PBXTargetDependency;
			productRef = D03CD425270CEDA2006DA670 /* RealmSwift */;
		};
/* End PBXTargetDependency section */

/* Begin PBXVariantGroup section */
		D0550AEC26FB4D02007E2625 /* LaunchScreen.storyboard */ = {
			isa = PBXVariantGroup;
			children = (
				D0550AED26FB4D02007E2625 /* Base */,
				D064A4DE270075AD00C5A1B1 /* ru */,
			);
			name = LaunchScreen.storyboard;
			sourceTree = "<group>";
		};
		D064A4E32700778C00C5A1B1 /* Localizable.strings */ = {
			isa = PBXVariantGroup;
			children = (
				D064A4E22700778C00C5A1B1 /* ru */,
				D064A4E42700779700C5A1B1 /* en */,
			);
			name = Localizable.strings;
			sourceTree = "<group>";
		};
/* End PBXVariantGroup section */

/* Begin XCBuildConfiguration section */
		D00C344E2706079C00FE6BCF /* Debug */ = {
			isa = XCBuildConfiguration;
			buildSettings = {
				CLANG_CXX_LANGUAGE_STANDARD = "gnu++17";
				CODE_SIGN_STYLE = Automatic;
				CURRENT_PROJECT_VERSION = 1;
				DEVELOPMENT_TEAM = 6N53WC3364;
				GENERATE_INFOPLIST_FILE = YES;
				IPHONEOS_DEPLOYMENT_TARGET = 15.0;
				LD_RUNPATH_SEARCH_PATHS = (
					"$(inherited)",
					"@executable_path/Frameworks",
					"@loader_path/Frameworks",
				);
				MARKETING_VERSION = 1.0;
				PRODUCT_BUNDLE_IDENTIFIER = com.zenkovgreg.OpenWeatherUITests;
				PRODUCT_NAME = "$(TARGET_NAME)";
				SWIFT_EMIT_LOC_STRINGS = NO;
				SWIFT_VERSION = 5.0;
				TARGETED_DEVICE_FAMILY = "1,2";
				TEST_TARGET_NAME = OpenWeather;
			};
			name = Debug;
		};
		D00C344F2706079C00FE6BCF /* Release */ = {
			isa = XCBuildConfiguration;
			buildSettings = {
				CLANG_CXX_LANGUAGE_STANDARD = "gnu++17";
				CODE_SIGN_STYLE = Automatic;
				CURRENT_PROJECT_VERSION = 1;
				DEVELOPMENT_TEAM = 6N53WC3364;
				GENERATE_INFOPLIST_FILE = YES;
				IPHONEOS_DEPLOYMENT_TARGET = 15.0;
				LD_RUNPATH_SEARCH_PATHS = (
					"$(inherited)",
					"@executable_path/Frameworks",
					"@loader_path/Frameworks",
				);
				MARKETING_VERSION = 1.0;
				PRODUCT_BUNDLE_IDENTIFIER = com.zenkovgreg.OpenWeatherUITests;
				PRODUCT_NAME = "$(TARGET_NAME)";
				SWIFT_EMIT_LOC_STRINGS = NO;
				SWIFT_VERSION = 5.0;
				TARGETED_DEVICE_FAMILY = "1,2";
				TEST_TARGET_NAME = OpenWeather;
			};
			name = Release;
		};
		D0192CFF270B00B200C1C1DE /* Debug */ = {
			isa = XCBuildConfiguration;
			buildSettings = {
				BUNDLE_LOADER = "$(TEST_HOST)";
				CLANG_CXX_LANGUAGE_STANDARD = "gnu++17";
				CODE_SIGN_STYLE = Automatic;
				CURRENT_PROJECT_VERSION = 1;
				DEVELOPMENT_TEAM = 6N53WC3364;
				GENERATE_INFOPLIST_FILE = YES;
				IPHONEOS_DEPLOYMENT_TARGET = 15.0;
				LD_RUNPATH_SEARCH_PATHS = (
					"$(inherited)",
					"@executable_path/Frameworks",
					"@loader_path/Frameworks",
				);
				MARKETING_VERSION = 1.0;
				PRODUCT_BUNDLE_IDENTIFIER = com.zenkovgreg.OpenWeatherUnitTests;
				PRODUCT_NAME = "$(TARGET_NAME)";
				SWIFT_EMIT_LOC_STRINGS = NO;
				SWIFT_VERSION = 5.0;
				TARGETED_DEVICE_FAMILY = "1,2";
				TEST_HOST = "$(BUILT_PRODUCTS_DIR)/OpenWeather.app/OpenWeather";
			};
			name = Debug;
		};
		D0192D00270B00B200C1C1DE /* Release */ = {
			isa = XCBuildConfiguration;
			buildSettings = {
				BUNDLE_LOADER = "$(TEST_HOST)";
				CLANG_CXX_LANGUAGE_STANDARD = "gnu++17";
				CODE_SIGN_STYLE = Automatic;
				CURRENT_PROJECT_VERSION = 1;
				DEVELOPMENT_TEAM = 6N53WC3364;
				GENERATE_INFOPLIST_FILE = YES;
				IPHONEOS_DEPLOYMENT_TARGET = 15.0;
				LD_RUNPATH_SEARCH_PATHS = (
					"$(inherited)",
					"@executable_path/Frameworks",
					"@loader_path/Frameworks",
				);
				MARKETING_VERSION = 1.0;
				PRODUCT_BUNDLE_IDENTIFIER = com.zenkovgreg.OpenWeatherUnitTests;
				PRODUCT_NAME = "$(TARGET_NAME)";
				SWIFT_EMIT_LOC_STRINGS = NO;
				SWIFT_VERSION = 5.0;
				TARGETED_DEVICE_FAMILY = "1,2";
				TEST_HOST = "$(BUILT_PRODUCTS_DIR)/OpenWeather.app/OpenWeather";
			};
			name = Release;
		};
		D0550AF026FB4D02007E2625 /* Debug */ = {
			isa = XCBuildConfiguration;
			buildSettings = {
				ALWAYS_SEARCH_USER_PATHS = NO;
				CLANG_ANALYZER_LOCALIZABILITY_NONLOCALIZED = YES;
				CLANG_ANALYZER_NONNULL = YES;
				CLANG_ANALYZER_NUMBER_OBJECT_CONVERSION = YES_AGGRESSIVE;
				CLANG_CXX_LANGUAGE_STANDARD = "gnu++14";
				CLANG_CXX_LIBRARY = "libc++";
				CLANG_ENABLE_MODULES = YES;
				CLANG_ENABLE_OBJC_ARC = YES;
				CLANG_ENABLE_OBJC_WEAK = YES;
				CLANG_WARN_BLOCK_CAPTURE_AUTORELEASING = YES;
				CLANG_WARN_BOOL_CONVERSION = YES;
				CLANG_WARN_COMMA = YES;
				CLANG_WARN_CONSTANT_CONVERSION = YES;
				CLANG_WARN_DEPRECATED_OBJC_IMPLEMENTATIONS = YES;
				CLANG_WARN_DIRECT_OBJC_ISA_USAGE = YES_ERROR;
				CLANG_WARN_DOCUMENTATION_COMMENTS = YES;
				CLANG_WARN_EMPTY_BODY = YES;
				CLANG_WARN_ENUM_CONVERSION = YES;
				CLANG_WARN_INFINITE_RECURSION = YES;
				CLANG_WARN_INT_CONVERSION = YES;
				CLANG_WARN_NON_LITERAL_NULL_CONVERSION = YES;
				CLANG_WARN_OBJC_IMPLICIT_RETAIN_SELF = YES;
				CLANG_WARN_OBJC_LITERAL_CONVERSION = YES;
				CLANG_WARN_OBJC_ROOT_CLASS = YES_ERROR;
				CLANG_WARN_QUOTED_INCLUDE_IN_FRAMEWORK_HEADER = YES;
				CLANG_WARN_RANGE_LOOP_ANALYSIS = YES;
				CLANG_WARN_STRICT_PROTOTYPES = YES;
				CLANG_WARN_SUSPICIOUS_MOVE = YES;
				CLANG_WARN_UNGUARDED_AVAILABILITY = YES_AGGRESSIVE;
				CLANG_WARN_UNREACHABLE_CODE = YES;
				CLANG_WARN__DUPLICATE_METHOD_MATCH = YES;
				COPY_PHASE_STRIP = NO;
				DEBUG_INFORMATION_FORMAT = dwarf;
				ENABLE_STRICT_OBJC_MSGSEND = YES;
				ENABLE_TESTABILITY = YES;
				GCC_C_LANGUAGE_STANDARD = gnu11;
				GCC_DYNAMIC_NO_PIC = NO;
				GCC_NO_COMMON_BLOCKS = YES;
				GCC_OPTIMIZATION_LEVEL = 0;
				GCC_PREPROCESSOR_DEFINITIONS = (
					"DEBUG=1",
					"$(inherited)",
				);
				GCC_WARN_64_TO_32_BIT_CONVERSION = YES;
				GCC_WARN_ABOUT_RETURN_TYPE = YES_ERROR;
				GCC_WARN_UNDECLARED_SELECTOR = YES;
				GCC_WARN_UNINITIALIZED_AUTOS = YES_AGGRESSIVE;
				GCC_WARN_UNUSED_FUNCTION = YES;
				GCC_WARN_UNUSED_VARIABLE = YES;
				IPHONEOS_DEPLOYMENT_TARGET = 14.5;
				MTL_ENABLE_DEBUG_INFO = INCLUDE_SOURCE;
				MTL_FAST_MATH = YES;
				ONLY_ACTIVE_ARCH = YES;
				SDKROOT = iphoneos;
				SWIFT_ACTIVE_COMPILATION_CONDITIONS = DEBUG;
				SWIFT_OPTIMIZATION_LEVEL = "-Onone";
			};
			name = Debug;
		};
		D0550AF126FB4D02007E2625 /* Release */ = {
			isa = XCBuildConfiguration;
			buildSettings = {
				ALWAYS_SEARCH_USER_PATHS = NO;
				CLANG_ANALYZER_LOCALIZABILITY_NONLOCALIZED = YES;
				CLANG_ANALYZER_NONNULL = YES;
				CLANG_ANALYZER_NUMBER_OBJECT_CONVERSION = YES_AGGRESSIVE;
				CLANG_CXX_LANGUAGE_STANDARD = "gnu++14";
				CLANG_CXX_LIBRARY = "libc++";
				CLANG_ENABLE_MODULES = YES;
				CLANG_ENABLE_OBJC_ARC = YES;
				CLANG_ENABLE_OBJC_WEAK = YES;
				CLANG_WARN_BLOCK_CAPTURE_AUTORELEASING = YES;
				CLANG_WARN_BOOL_CONVERSION = YES;
				CLANG_WARN_COMMA = YES;
				CLANG_WARN_CONSTANT_CONVERSION = YES;
				CLANG_WARN_DEPRECATED_OBJC_IMPLEMENTATIONS = YES;
				CLANG_WARN_DIRECT_OBJC_ISA_USAGE = YES_ERROR;
				CLANG_WARN_DOCUMENTATION_COMMENTS = YES;
				CLANG_WARN_EMPTY_BODY = YES;
				CLANG_WARN_ENUM_CONVERSION = YES;
				CLANG_WARN_INFINITE_RECURSION = YES;
				CLANG_WARN_INT_CONVERSION = YES;
				CLANG_WARN_NON_LITERAL_NULL_CONVERSION = YES;
				CLANG_WARN_OBJC_IMPLICIT_RETAIN_SELF = YES;
				CLANG_WARN_OBJC_LITERAL_CONVERSION = YES;
				CLANG_WARN_OBJC_ROOT_CLASS = YES_ERROR;
				CLANG_WARN_QUOTED_INCLUDE_IN_FRAMEWORK_HEADER = YES;
				CLANG_WARN_RANGE_LOOP_ANALYSIS = YES;
				CLANG_WARN_STRICT_PROTOTYPES = YES;
				CLANG_WARN_SUSPICIOUS_MOVE = YES;
				CLANG_WARN_UNGUARDED_AVAILABILITY = YES_AGGRESSIVE;
				CLANG_WARN_UNREACHABLE_CODE = YES;
				CLANG_WARN__DUPLICATE_METHOD_MATCH = YES;
				COPY_PHASE_STRIP = NO;
				DEBUG_INFORMATION_FORMAT = "dwarf-with-dsym";
				ENABLE_NS_ASSERTIONS = NO;
				ENABLE_STRICT_OBJC_MSGSEND = YES;
				GCC_C_LANGUAGE_STANDARD = gnu11;
				GCC_NO_COMMON_BLOCKS = YES;
				GCC_WARN_64_TO_32_BIT_CONVERSION = YES;
				GCC_WARN_ABOUT_RETURN_TYPE = YES_ERROR;
				GCC_WARN_UNDECLARED_SELECTOR = YES;
				GCC_WARN_UNINITIALIZED_AUTOS = YES_AGGRESSIVE;
				GCC_WARN_UNUSED_FUNCTION = YES;
				GCC_WARN_UNUSED_VARIABLE = YES;
				IPHONEOS_DEPLOYMENT_TARGET = 14.5;
				MTL_ENABLE_DEBUG_INFO = NO;
				MTL_FAST_MATH = YES;
				SDKROOT = iphoneos;
				SWIFT_COMPILATION_MODE = wholemodule;
				SWIFT_OPTIMIZATION_LEVEL = "-O";
				VALIDATE_PRODUCT = YES;
			};
			name = Release;
		};
		D0550AF326FB4D02007E2625 /* Debug */ = {
			isa = XCBuildConfiguration;
			buildSettings = {
				ALWAYS_EMBED_SWIFT_STANDARD_LIBRARIES = YES;
				ASSETCATALOG_COMPILER_APPICON_NAME = AppIcon;
				ASSETCATALOG_COMPILER_GLOBAL_ACCENT_COLOR_NAME = AccentColor;
				CODE_SIGN_STYLE = Automatic;
				DEVELOPMENT_ASSET_PATHS = "\"OpenWeather/Preview Content\"";
				DEVELOPMENT_TEAM = 84DMLXTAK2;
				ENABLE_PREVIEWS = YES;
				INFOPLIST_FILE = OpenWeather/Info.plist;
				IPHONEOS_DEPLOYMENT_TARGET = 15.0;
				LD_RUNPATH_SEARCH_PATHS = (
					"$(inherited)",
					"@executable_path/Frameworks",
				);
				PRODUCT_BUNDLE_IDENTIFIER = com.harman.OpenWeather;
				PRODUCT_NAME = "$(TARGET_NAME)";
				SWIFT_VERSION = 5.0;
				TARGETED_DEVICE_FAMILY = "1,2";
			};
			name = Debug;
		};
		D0550AF426FB4D02007E2625 /* Release */ = {
			isa = XCBuildConfiguration;
			buildSettings = {
				ALWAYS_EMBED_SWIFT_STANDARD_LIBRARIES = YES;
				ASSETCATALOG_COMPILER_APPICON_NAME = AppIcon;
				ASSETCATALOG_COMPILER_GLOBAL_ACCENT_COLOR_NAME = AccentColor;
				CODE_SIGN_STYLE = Automatic;
				DEVELOPMENT_ASSET_PATHS = "\"OpenWeather/Preview Content\"";
				DEVELOPMENT_TEAM = 84DMLXTAK2;
				ENABLE_PREVIEWS = YES;
				INFOPLIST_FILE = OpenWeather/Info.plist;
				IPHONEOS_DEPLOYMENT_TARGET = 15.0;
				LD_RUNPATH_SEARCH_PATHS = (
					"$(inherited)",
					"@executable_path/Frameworks",
				);
				PRODUCT_BUNDLE_IDENTIFIER = com.harman.OpenWeather;
				PRODUCT_NAME = "$(TARGET_NAME)";
				SWIFT_VERSION = 5.0;
				TARGETED_DEVICE_FAMILY = "1,2";
			};
			name = Release;
		};
/* End XCBuildConfiguration section */

/* Begin XCConfigurationList section */
		D00C344D2706079C00FE6BCF /* Build configuration list for PBXNativeTarget "OpenWeatherUITests" */ = {
			isa = XCConfigurationList;
			buildConfigurations = (
				D00C344E2706079C00FE6BCF /* Debug */,
				D00C344F2706079C00FE6BCF /* Release */,
			);
			defaultConfigurationIsVisible = 0;
			defaultConfigurationName = Release;
		};
		D0192CFE270B00B200C1C1DE /* Build configuration list for PBXNativeTarget "OpenWeatherUnitTests" */ = {
			isa = XCConfigurationList;
			buildConfigurations = (
				D0192CFF270B00B200C1C1DE /* Debug */,
				D0192D00270B00B200C1C1DE /* Release */,
			);
			defaultConfigurationIsVisible = 0;
			defaultConfigurationName = Release;
		};
		D0550AD926FB4D01007E2625 /* Build configuration list for PBXProject "OpenWeather" */ = {
			isa = XCConfigurationList;
			buildConfigurations = (
				D0550AF026FB4D02007E2625 /* Debug */,
				D0550AF126FB4D02007E2625 /* Release */,
			);
			defaultConfigurationIsVisible = 0;
			defaultConfigurationName = Release;
		};
		D0550AF226FB4D02007E2625 /* Build configuration list for PBXNativeTarget "OpenWeather" */ = {
			isa = XCConfigurationList;
			buildConfigurations = (
				D0550AF326FB4D02007E2625 /* Debug */,
				D0550AF426FB4D02007E2625 /* Release */,
			);
			defaultConfigurationIsVisible = 0;
			defaultConfigurationName = Release;
		};
/* End XCConfigurationList section */

/* Begin XCRemoteSwiftPackageReference section */
		D0550AF526FB676C007E2625 /* XCRemoteSwiftPackageReference "realm-cocoa" */ = {
			isa = XCRemoteSwiftPackageReference;
			repositoryURL = "https://github.com/realm/realm-cocoa.git";
			requirement = {
				kind = upToNextMinorVersion;
				minimumVersion = 10.15.1;
			};
		};
/* End XCRemoteSwiftPackageReference section */

/* Begin XCSwiftPackageProductDependency section */
		D0192CEF2707146D00C1C1DE /* Realm */ = {
			isa = XCSwiftPackageProductDependency;
			package = D0550AF526FB676C007E2625 /* XCRemoteSwiftPackageReference "realm-cocoa" */;
			productName = Realm;
		};
		D0192CF12707146D00C1C1DE /* RealmSwift */ = {
			isa = XCSwiftPackageProductDependency;
			package = D0550AF526FB676C007E2625 /* XCRemoteSwiftPackageReference "realm-cocoa" */;
			productName = RealmSwift;
		};
		D03CD423270CEDA2006DA670 /* Realm */ = {
			isa = XCSwiftPackageProductDependency;
			package = D0550AF526FB676C007E2625 /* XCRemoteSwiftPackageReference "realm-cocoa" */;
			productName = Realm;
		};
		D03CD425270CEDA2006DA670 /* RealmSwift */ = {
			isa = XCSwiftPackageProductDependency;
			package = D0550AF526FB676C007E2625 /* XCRemoteSwiftPackageReference "realm-cocoa" */;
			productName = RealmSwift;
		};
		D0E41F8427105D6E00110F6D /* Realm */ = {
			isa = XCSwiftPackageProductDependency;
			package = D0550AF526FB676C007E2625 /* XCRemoteSwiftPackageReference "realm-cocoa" */;
			productName = Realm;
		};
		D0E41F8627105D6E00110F6D /* RealmSwift */ = {
			isa = XCSwiftPackageProductDependency;
			package = D0550AF526FB676C007E2625 /* XCRemoteSwiftPackageReference "realm-cocoa" */;
			productName = RealmSwift;
		};
/* End XCSwiftPackageProductDependency section */
	};
	rootObject = D0550AD626FB4D01007E2625 /* Project object */;
}
