// !$*UTF8*$!
{
	archiveVersion = 1;
	classes = {
	};
	objectVersion = 52;
	objects = {

/* Begin PBXBuildFile section */
		D053B37326FC7CB800307F56 /* DBModel.swift in Sources */ = {isa = PBXBuildFile; fileRef = D053B37226FC7CB800307F56 /* DBModel.swift */; };
		D053B37626FCB38800307F56 /* Date+Extension.swift in Sources */ = {isa = PBXBuildFile; fileRef = D053B37526FCB38800307F56 /* Date+Extension.swift */; };
		D053B37826FE22DB00307F56 /* OrientationInfo.swift in Sources */ = {isa = PBXBuildFile; fileRef = D053B37726FE22DB00307F56 /* OrientationInfo.swift */; };
		D053B37A26FF46EF00307F56 /* LocationManager.swift in Sources */ = {isa = PBXBuildFile; fileRef = D053B37926FF46EF00307F56 /* LocationManager.swift */; };
		D0550AE226FB4D01007E2625 /* AppDelegate.swift in Sources */ = {isa = PBXBuildFile; fileRef = D0550AE126FB4D01007E2625 /* AppDelegate.swift */; };
		D0550AE426FB4D01007E2625 /* SceneDelegate.swift in Sources */ = {isa = PBXBuildFile; fileRef = D0550AE326FB4D01007E2625 /* SceneDelegate.swift */; };
		D0550AE626FB4D01007E2625 /* MainView.swift in Sources */ = {isa = PBXBuildFile; fileRef = D0550AE526FB4D01007E2625 /* MainView.swift */; };
		D0550AE826FB4D02007E2625 /* Assets.xcassets in Resources */ = {isa = PBXBuildFile; fileRef = D0550AE726FB4D02007E2625 /* Assets.xcassets */; };
		D0550AEB26FB4D02007E2625 /* Preview Assets.xcassets in Resources */ = {isa = PBXBuildFile; fileRef = D0550AEA26FB4D02007E2625 /* Preview Assets.xcassets */; };
		D0550AEE26FB4D02007E2625 /* LaunchScreen.storyboard in Resources */ = {isa = PBXBuildFile; fileRef = D0550AEC26FB4D02007E2625 /* LaunchScreen.storyboard */; };
		D0550AFF26FB68A2007E2625 /* WeatherPreview.swift in Sources */ = {isa = PBXBuildFile; fileRef = D0550AFE26FB68A2007E2625 /* WeatherPreview.swift */; };
		D0550B0126FB81B8007E2625 /* WeatherModel.swift in Sources */ = {isa = PBXBuildFile; fileRef = D0550B0026FB81B8007E2625 /* WeatherModel.swift */; };
		D0550B0426FB81FE007E2625 /* NetworkService.swift in Sources */ = {isa = PBXBuildFile; fileRef = D0550B0326FB81FE007E2625 /* NetworkService.swift */; };
		D0550B0626FB843B007E2625 /* WeatherViewModel.swift in Sources */ = {isa = PBXBuildFile; fileRef = D0550B0526FB843B007E2625 /* WeatherViewModel.swift */; };
		D0550B0B26FBC1DA007E2625 /* Realm in Frameworks */ = {isa = PBXBuildFile; productRef = D0550B0A26FBC1DA007E2625 /* Realm */; };
		D0550B0D26FBC1DA007E2625 /* RealmSwift in Frameworks */ = {isa = PBXBuildFile; productRef = D0550B0C26FBC1DA007E2625 /* RealmSwift */; };
		D0550B1826FBC539007E2625 /* DetailView.swift in Sources */ = {isa = PBXBuildFile; fileRef = D0550B1726FBC539007E2625 /* DetailView.swift */; };
		D0550B1A26FBC707007E2625 /* FragmentView.swift in Sources */ = {isa = PBXBuildFile; fileRef = D0550B1926FBC707007E2625 /* FragmentView.swift */; };
		D0550B1C26FBD1CE007E2625 /* AddCityView.swift in Sources */ = {isa = PBXBuildFile; fileRef = D0550B1B26FBD1CE007E2625 /* AddCityView.swift */; };
		D064A4E12700778C00C5A1B1 /* Localizable.strings in Resources */ = {isa = PBXBuildFile; fileRef = D064A4E32700778C00C5A1B1 /* Localizable.strings */; };
		D064A4E6270084F100C5A1B1 /* UIDevice+Extension.swift in Sources */ = {isa = PBXBuildFile; fileRef = D064A4E5270084F100C5A1B1 /* UIDevice+Extension.swift */; };
/* End PBXBuildFile section */

/* Begin PBXFileReference section */
		D053B37226FC7CB800307F56 /* DBModel.swift */ = {isa = PBXFileReference; lastKnownFileType = sourcecode.swift; path = DBModel.swift; sourceTree = "<group>"; };
		D053B37526FCB38800307F56 /* Date+Extension.swift */ = {isa = PBXFileReference; lastKnownFileType = sourcecode.swift; path = "Date+Extension.swift"; sourceTree = "<group>"; };
		D053B37726FE22DB00307F56 /* OrientationInfo.swift */ = {isa = PBXFileReference; lastKnownFileType = sourcecode.swift; path = OrientationInfo.swift; sourceTree = "<group>"; };
		D053B37926FF46EF00307F56 /* LocationManager.swift */ = {isa = PBXFileReference; lastKnownFileType = sourcecode.swift; path = LocationManager.swift; sourceTree = "<group>"; };
		D0550ADE26FB4D01007E2625 /* OpenWeather.app */ = {isa = PBXFileReference; explicitFileType = wrapper.application; includeInIndex = 0; path = OpenWeather.app; sourceTree = BUILT_PRODUCTS_DIR; };
		D0550AE126FB4D01007E2625 /* AppDelegate.swift */ = {isa = PBXFileReference; lastKnownFileType = sourcecode.swift; path = AppDelegate.swift; sourceTree = "<group>"; };
		D0550AE326FB4D01007E2625 /* SceneDelegate.swift */ = {isa = PBXFileReference; lastKnownFileType = sourcecode.swift; path = SceneDelegate.swift; sourceTree = "<group>"; };
		D0550AE526FB4D01007E2625 /* MainView.swift */ = {isa = PBXFileReference; lastKnownFileType = sourcecode.swift; path = MainView.swift; sourceTree = "<group>"; };
		D0550AE726FB4D02007E2625 /* Assets.xcassets */ = {isa = PBXFileReference; lastKnownFileType = folder.assetcatalog; path = Assets.xcassets; sourceTree = "<group>"; };
		D0550AEA26FB4D02007E2625 /* Preview Assets.xcassets */ = {isa = PBXFileReference; lastKnownFileType = folder.assetcatalog; path = "Preview Assets.xcassets"; sourceTree = "<group>"; };
		D0550AED26FB4D02007E2625 /* Base */ = {isa = PBXFileReference; lastKnownFileType = file.storyboard; name = Base; path = Base.lproj/LaunchScreen.storyboard; sourceTree = "<group>"; };
		D0550AEF26FB4D02007E2625 /* Info.plist */ = {isa = PBXFileReference; lastKnownFileType = text.plist.xml; path = Info.plist; sourceTree = "<group>"; };
		D0550AFE26FB68A2007E2625 /* WeatherPreview.swift */ = {isa = PBXFileReference; lastKnownFileType = sourcecode.swift; path = WeatherPreview.swift; sourceTree = "<group>"; };
		D0550B0026FB81B8007E2625 /* WeatherModel.swift */ = {isa = PBXFileReference; lastKnownFileType = sourcecode.swift; path = WeatherModel.swift; sourceTree = "<group>"; };
		D0550B0326FB81FE007E2625 /* NetworkService.swift */ = {isa = PBXFileReference; lastKnownFileType = sourcecode.swift; path = NetworkService.swift; sourceTree = "<group>"; };
		D0550B0526FB843B007E2625 /* WeatherViewModel.swift */ = {isa = PBXFileReference; lastKnownFileType = sourcecode.swift; path = WeatherViewModel.swift; sourceTree = "<group>"; };
		D0550B1726FBC539007E2625 /* DetailView.swift */ = {isa = PBXFileReference; lastKnownFileType = sourcecode.swift; path = DetailView.swift; sourceTree = "<group>"; };
		D0550B1926FBC707007E2625 /* FragmentView.swift */ = {isa = PBXFileReference; lastKnownFileType = sourcecode.swift; path = FragmentView.swift; sourceTree = "<group>"; };
		D0550B1B26FBD1CE007E2625 /* AddCityView.swift */ = {isa = PBXFileReference; lastKnownFileType = sourcecode.swift; path = AddCityView.swift; sourceTree = "<group>"; };
		D064A4DE270075AD00C5A1B1 /* ru */ = {isa = PBXFileReference; lastKnownFileType = text.plist.strings; name = ru; path = ru.lproj/LaunchScreen.strings; sourceTree = "<group>"; };
		D064A4E22700778C00C5A1B1 /* ru */ = {isa = PBXFileReference; lastKnownFileType = text.plist.strings; name = ru; path = ru.lproj/Localizable.strings; sourceTree = "<group>"; };
		D064A4E42700779700C5A1B1 /* en */ = {isa = PBXFileReference; lastKnownFileType = text.plist.strings; name = en; path = en.lproj/Localizable.strings; sourceTree = "<group>"; };
		D064A4E5270084F100C5A1B1 /* UIDevice+Extension.swift */ = {isa = PBXFileReference; lastKnownFileType = sourcecode.swift; path = "UIDevice+Extension.swift"; sourceTree = "<group>"; };
/* End PBXFileReference section */

/* Begin PBXFrameworksBuildPhase section */
		D0550ADB26FB4D01007E2625 /* Frameworks */ = {
			isa = PBXFrameworksBuildPhase;
			buildActionMask = 2147483647;
			files = (
				D0550B0D26FBC1DA007E2625 /* RealmSwift in Frameworks */,
				D0550B0B26FBC1DA007E2625 /* Realm in Frameworks */,
			);
			runOnlyForDeploymentPostprocessing = 0;
		};
/* End PBXFrameworksBuildPhase section */

/* Begin PBXGroup section */
		D053B37426FCB37600307F56 /* Extensions */ = {
			isa = PBXGroup;
			children = (
				D053B37526FCB38800307F56 /* Date+Extension.swift */,
				D064A4E5270084F100C5A1B1 /* UIDevice+Extension.swift */,
			);
			path = Extensions;
			sourceTree = "<group>";
		};
		D0550AD526FB4D01007E2625 = {
			isa = PBXGroup;
			children = (
				D0550AE026FB4D01007E2625 /* OpenWeather */,
				D0550ADF26FB4D01007E2625 /* Products */,
				D0550B0926FBC1DA007E2625 /* Frameworks */,
			);
			sourceTree = "<group>";
		};
		D0550ADF26FB4D01007E2625 /* Products */ = {
			isa = PBXGroup;
			children = (
				D0550ADE26FB4D01007E2625 /* OpenWeather.app */,
			);
			name = Products;
			sourceTree = "<group>";
		};
		D0550AE026FB4D01007E2625 /* OpenWeather */ = {
			isa = PBXGroup;
			children = (
				D0550AE126FB4D01007E2625 /* AppDelegate.swift */,
				D0550AE326FB4D01007E2625 /* SceneDelegate.swift */,
				D053B37426FCB37600307F56 /* Extensions */,
				D0550AFA26FB6808007E2625 /* MainView */,
				D0550AE726FB4D02007E2625 /* Assets.xcassets */,
				D0550AEC26FB4D02007E2625 /* LaunchScreen.storyboard */,
				D064A4E32700778C00C5A1B1 /* Localizable.strings */,
				D0550AEF26FB4D02007E2625 /* Info.plist */,
				D0550AE926FB4D02007E2625 /* Preview Content */,
			);
			path = OpenWeather;
			sourceTree = "<group>";
		};
		D0550AE926FB4D02007E2625 /* Preview Content */ = {
			isa = PBXGroup;
			children = (
				D0550AEA26FB4D02007E2625 /* Preview Assets.xcassets */,
			);
			path = "Preview Content";
			sourceTree = "<group>";
		};
		D0550AFA26FB6808007E2625 /* MainView */ = {
			isa = PBXGroup;
			children = (
				D0550B0226FB81EB007E2625 /* Services */,
				D0550AFD26FB687F007E2625 /* Model */,
				D0550AFC26FB6876007E2625 /* ViewModel */,
				D0550AFB26FB6863007E2625 /* View */,
			);
			path = MainView;
			sourceTree = "<group>";
		};
		D0550AFB26FB6863007E2625 /* View */ = {
			isa = PBXGroup;
			children = (
				D0550B1626FBC529007E2625 /* DetailView */,
				D0550B1526FBC521007E2625 /* MainView */,
			);
			path = View;
			sourceTree = "<group>";
		};
		D0550AFC26FB6876007E2625 /* ViewModel */ = {
			isa = PBXGroup;
			children = (
				D0550B0526FB843B007E2625 /* WeatherViewModel.swift */,
			);
			path = ViewModel;
			sourceTree = "<group>";
		};
		D0550AFD26FB687F007E2625 /* Model */ = {
			isa = PBXGroup;
			children = (
				D0550B0026FB81B8007E2625 /* WeatherModel.swift */,
				D053B37226FC7CB800307F56 /* DBModel.swift */,
			);
			path = Model;
			sourceTree = "<group>";
		};
		D0550B0226FB81EB007E2625 /* Services */ = {
			isa = PBXGroup;
			children = (
				D0550B0326FB81FE007E2625 /* NetworkService.swift */,
				D053B37726FE22DB00307F56 /* OrientationInfo.swift */,
				D053B37926FF46EF00307F56 /* LocationManager.swift */,
			);
			path = Services;
			sourceTree = "<group>";
		};
		D0550B0926FBC1DA007E2625 /* Frameworks */ = {
			isa = PBXGroup;
			children = (
			);
			name = Frameworks;
			sourceTree = "<group>";
		};
		D0550B1526FBC521007E2625 /* MainView */ = {
			isa = PBXGroup;
			children = (
				D0550AE526FB4D01007E2625 /* MainView.swift */,
				D0550B1B26FBD1CE007E2625 /* AddCityView.swift */,
				D0550AFE26FB68A2007E2625 /* WeatherPreview.swift */,
			);
			path = MainView;
			sourceTree = "<group>";
		};
		D0550B1626FBC529007E2625 /* DetailView */ = {
			isa = PBXGroup;
			children = (
				D0550B1726FBC539007E2625 /* DetailView.swift */,
				D0550B1926FBC707007E2625 /* FragmentView.swift */,
			);
			path = DetailView;
			sourceTree = "<group>";
		};
/* End PBXGroup section */

/* Begin PBXNativeTarget section */
		D0550ADD26FB4D01007E2625 /* OpenWeather */ = {
			isa = PBXNativeTarget;
			buildConfigurationList = D0550AF226FB4D02007E2625 /* Build configuration list for PBXNativeTarget "OpenWeather" */;
			buildPhases = (
				D0550ADA26FB4D01007E2625 /* Sources */,
				D0550ADB26FB4D01007E2625 /* Frameworks */,
				D0550ADC26FB4D01007E2625 /* Resources */,
			);
			buildRules = (
			);
			dependencies = (
			);
			name = OpenWeather;
			packageProductDependencies = (
				D0550B0A26FBC1DA007E2625 /* Realm */,
				D0550B0C26FBC1DA007E2625 /* RealmSwift */,
			);
			productName = OpenWeather;
			productReference = D0550ADE26FB4D01007E2625 /* OpenWeather.app */;
			productType = "com.apple.product-type.application";
		};
/* End PBXNativeTarget section */

/* Begin PBXProject section */
		D0550AD626FB4D01007E2625 /* Project object */ = {
			isa = PBXProject;
			attributes = {
				LastSwiftUpdateCheck = 1250;
				LastUpgradeCheck = 1250;
				TargetAttributes = {
					D0550ADD26FB4D01007E2625 = {
						CreatedOnToolsVersion = 12.5.1;
					};
				};
			};
			buildConfigurationList = D0550AD926FB4D01007E2625 /* Build configuration list for PBXProject "OpenWeather" */;
			compatibilityVersion = "Xcode 9.3";
			developmentRegion = en;
			hasScannedForEncodings = 0;
			knownRegions = (
				en,
				Base,
				ru,
			);
			mainGroup = D0550AD526FB4D01007E2625;
			packageReferences = (
				D0550AF526FB676C007E2625 /* XCRemoteSwiftPackageReference "realm-cocoa" */,
			);
			productRefGroup = D0550ADF26FB4D01007E2625 /* Products */;
			projectDirPath = "";
			projectRoot = "";
			targets = (
				D0550ADD26FB4D01007E2625 /* OpenWeather */,
			);
		};
/* End PBXProject section */

/* Begin PBXResourcesBuildPhase section */
		D0550ADC26FB4D01007E2625 /* Resources */ = {
			isa = PBXResourcesBuildPhase;
			buildActionMask = 2147483647;
			files = (
				D0550AEE26FB4D02007E2625 /* LaunchScreen.storyboard in Resources */,
				D064A4E12700778C00C5A1B1 /* Localizable.strings in Resources */,
				D0550AEB26FB4D02007E2625 /* Preview Assets.xcassets in Resources */,
				D0550AE826FB4D02007E2625 /* Assets.xcassets in Resources */,
			);
			runOnlyForDeploymentPostprocessing = 0;
		};
/* End PBXResourcesBuildPhase section */

/* Begin PBXSourcesBuildPhase section */
		D0550ADA26FB4D01007E2625 /* Sources */ = {
			isa = PBXSourcesBuildPhase;
			buildActionMask = 2147483647;
			files = (
				D0550AE226FB4D01007E2625 /* AppDelegate.swift in Sources */,
				D0550B1826FBC539007E2625 /* DetailView.swift in Sources */,
				D0550AFF26FB68A2007E2625 /* WeatherPreview.swift in Sources */,
				D0550B1A26FBC707007E2625 /* FragmentView.swift in Sources */,
				D0550AE426FB4D01007E2625 /* SceneDelegate.swift in Sources */,
				D053B37626FCB38800307F56 /* Date+Extension.swift in Sources */,
				D0550B1C26FBD1CE007E2625 /* AddCityView.swift in Sources */,
				D0550B0626FB843B007E2625 /* WeatherViewModel.swift in Sources */,
				D0550AE626FB4D01007E2625 /* MainView.swift in Sources */,
				D053B37826FE22DB00307F56 /* OrientationInfo.swift in Sources */,
				D053B37A26FF46EF00307F56 /* LocationManager.swift in Sources */,
				D0550B0426FB81FE007E2625 /* NetworkService.swift in Sources */,
				D053B37326FC7CB800307F56 /* DBModel.swift in Sources */,
				D064A4E6270084F100C5A1B1 /* UIDevice+Extension.swift in Sources */,
				D0550B0126FB81B8007E2625 /* WeatherModel.swift in Sources */,
			);
			runOnlyForDeploymentPostprocessing = 0;
		};
/* End PBXSourcesBuildPhase section */

/* Begin PBXVariantGroup section */
		D0550AEC26FB4D02007E2625 /* LaunchScreen.storyboard */ = {
			isa = PBXVariantGroup;
			children = (
				D0550AED26FB4D02007E2625 /* Base */,
				D064A4DE270075AD00C5A1B1 /* ru */,
			);
			name = LaunchScreen.storyboard;
			sourceTree = "<group>";
		};
		D064A4E32700778C00C5A1B1 /* Localizable.strings */ = {
			isa = PBXVariantGroup;
			children = (
				D064A4E22700778C00C5A1B1 /* ru */,
				D064A4E42700779700C5A1B1 /* en */,
			);
			name = Localizable.strings;
			sourceTree = "<group>";
		};
/* End PBXVariantGroup section */

/* Begin XCBuildConfiguration section */
		D0550AF026FB4D02007E2625 /* Debug */ = {
			isa = XCBuildConfiguration;
			buildSettings = {
				ALWAYS_SEARCH_USER_PATHS = NO;
				CLANG_ANALYZER_LOCALIZABILITY_NONLOCALIZED = YES;
				CLANG_ANALYZER_NONNULL = YES;
				CLANG_ANALYZER_NUMBER_OBJECT_CONVERSION = YES_AGGRESSIVE;
				CLANG_CXX_LANGUAGE_STANDARD = "gnu++14";
				CLANG_CXX_LIBRARY = "libc++";
				CLANG_ENABLE_MODULES = YES;
				CLANG_ENABLE_OBJC_ARC = YES;
				CLANG_ENABLE_OBJC_WEAK = YES;
				CLANG_WARN_BLOCK_CAPTURE_AUTORELEASING = YES;
				CLANG_WARN_BOOL_CONVERSION = YES;
				CLANG_WARN_COMMA = YES;
				CLANG_WARN_CONSTANT_CONVERSION = YES;
				CLANG_WARN_DEPRECATED_OBJC_IMPLEMENTATIONS = YES;
				CLANG_WARN_DIRECT_OBJC_ISA_USAGE = YES_ERROR;
				CLANG_WARN_DOCUMENTATION_COMMENTS = YES;
				CLANG_WARN_EMPTY_BODY = YES;
				CLANG_WARN_ENUM_CONVERSION = YES;
				CLANG_WARN_INFINITE_RECURSION = YES;
				CLANG_WARN_INT_CONVERSION = YES;
				CLANG_WARN_NON_LITERAL_NULL_CONVERSION = YES;
				CLANG_WARN_OBJC_IMPLICIT_RETAIN_SELF = YES;
				CLANG_WARN_OBJC_LITERAL_CONVERSION = YES;
				CLANG_WARN_OBJC_ROOT_CLASS = YES_ERROR;
				CLANG_WARN_QUOTED_INCLUDE_IN_FRAMEWORK_HEADER = YES;
				CLANG_WARN_RANGE_LOOP_ANALYSIS = YES;
				CLANG_WARN_STRICT_PROTOTYPES = YES;
				CLANG_WARN_SUSPICIOUS_MOVE = YES;
				CLANG_WARN_UNGUARDED_AVAILABILITY = YES_AGGRESSIVE;
				CLANG_WARN_UNREACHABLE_CODE = YES;
				CLANG_WARN__DUPLICATE_METHOD_MATCH = YES;
				COPY_PHASE_STRIP = NO;
				DEBUG_INFORMATION_FORMAT = dwarf;
				ENABLE_STRICT_OBJC_MSGSEND = YES;
				ENABLE_TESTABILITY = YES;
				GCC_C_LANGUAGE_STANDARD = gnu11;
				GCC_DYNAMIC_NO_PIC = NO;
				GCC_NO_COMMON_BLOCKS = YES;
				GCC_OPTIMIZATION_LEVEL = 0;
				GCC_PREPROCESSOR_DEFINITIONS = (
					"DEBUG=1",
					"$(inherited)",
				);
				GCC_WARN_64_TO_32_BIT_CONVERSION = YES;
				GCC_WARN_ABOUT_RETURN_TYPE = YES_ERROR;
				GCC_WARN_UNDECLARED_SELECTOR = YES;
				GCC_WARN_UNINITIALIZED_AUTOS = YES_AGGRESSIVE;
				GCC_WARN_UNUSED_FUNCTION = YES;
				GCC_WARN_UNUSED_VARIABLE = YES;
				IPHONEOS_DEPLOYMENT_TARGET = 14.5;
				MTL_ENABLE_DEBUG_INFO = INCLUDE_SOURCE;
				MTL_FAST_MATH = YES;
				ONLY_ACTIVE_ARCH = YES;
				SDKROOT = iphoneos;
				SWIFT_ACTIVE_COMPILATION_CONDITIONS = DEBUG;
				SWIFT_OPTIMIZATION_LEVEL = "-Onone";
			};
			name = Debug;
		};
		D0550AF126FB4D02007E2625 /* Release */ = {
			isa = XCBuildConfiguration;
			buildSettings = {
				ALWAYS_SEARCH_USER_PATHS = NO;
				CLANG_ANALYZER_LOCALIZABILITY_NONLOCALIZED = YES;
				CLANG_ANALYZER_NONNULL = YES;
				CLANG_ANALYZER_NUMBER_OBJECT_CONVERSION = YES_AGGRESSIVE;
				CLANG_CXX_LANGUAGE_STANDARD = "gnu++14";
				CLANG_CXX_LIBRARY = "libc++";
				CLANG_ENABLE_MODULES = YES;
				CLANG_ENABLE_OBJC_ARC = YES;
				CLANG_ENABLE_OBJC_WEAK = YES;
				CLANG_WARN_BLOCK_CAPTURE_AUTORELEASING = YES;
				CLANG_WARN_BOOL_CONVERSION = YES;
				CLANG_WARN_COMMA = YES;
				CLANG_WARN_CONSTANT_CONVERSION = YES;
				CLANG_WARN_DEPRECATED_OBJC_IMPLEMENTATIONS = YES;
				CLANG_WARN_DIRECT_OBJC_ISA_USAGE = YES_ERROR;
				CLANG_WARN_DOCUMENTATION_COMMENTS = YES;
				CLANG_WARN_EMPTY_BODY = YES;
				CLANG_WARN_ENUM_CONVERSION = YES;
				CLANG_WARN_INFINITE_RECURSION = YES;
				CLANG_WARN_INT_CONVERSION = YES;
				CLANG_WARN_NON_LITERAL_NULL_CONVERSION = YES;
				CLANG_WARN_OBJC_IMPLICIT_RETAIN_SELF = YES;
				CLANG_WARN_OBJC_LITERAL_CONVERSION = YES;
				CLANG_WARN_OBJC_ROOT_CLASS = YES_ERROR;
				CLANG_WARN_QUOTED_INCLUDE_IN_FRAMEWORK_HEADER = YES;
				CLANG_WARN_RANGE_LOOP_ANALYSIS = YES;
				CLANG_WARN_STRICT_PROTOTYPES = YES;
				CLANG_WARN_SUSPICIOUS_MOVE = YES;
				CLANG_WARN_UNGUARDED_AVAILABILITY = YES_AGGRESSIVE;
				CLANG_WARN_UNREACHABLE_CODE = YES;
				CLANG_WARN__DUPLICATE_METHOD_MATCH = YES;
				COPY_PHASE_STRIP = NO;
				DEBUG_INFORMATION_FORMAT = "dwarf-with-dsym";
				ENABLE_NS_ASSERTIONS = NO;
				ENABLE_STRICT_OBJC_MSGSEND = YES;
				GCC_C_LANGUAGE_STANDARD = gnu11;
				GCC_NO_COMMON_BLOCKS = YES;
				GCC_WARN_64_TO_32_BIT_CONVERSION = YES;
				GCC_WARN_ABOUT_RETURN_TYPE = YES_ERROR;
				GCC_WARN_UNDECLARED_SELECTOR = YES;
				GCC_WARN_UNINITIALIZED_AUTOS = YES_AGGRESSIVE;
				GCC_WARN_UNUSED_FUNCTION = YES;
				GCC_WARN_UNUSED_VARIABLE = YES;
				IPHONEOS_DEPLOYMENT_TARGET = 14.5;
				MTL_ENABLE_DEBUG_INFO = NO;
				MTL_FAST_MATH = YES;
				SDKROOT = iphoneos;
				SWIFT_COMPILATION_MODE = wholemodule;
				SWIFT_OPTIMIZATION_LEVEL = "-O";
				VALIDATE_PRODUCT = YES;
			};
			name = Release;
		};
		D0550AF326FB4D02007E2625 /* Debug */ = {
			isa = XCBuildConfiguration;
			buildSettings = {
				ASSETCATALOG_COMPILER_APPICON_NAME = AppIcon;
				ASSETCATALOG_COMPILER_GLOBAL_ACCENT_COLOR_NAME = AccentColor;
				CODE_SIGN_STYLE = Automatic;
				DEVELOPMENT_ASSET_PATHS = "\"OpenWeather/Preview Content\"";
				DEVELOPMENT_TEAM = 6N53WC3364;
				ENABLE_PREVIEWS = YES;
				INFOPLIST_FILE = OpenWeather/Info.plist;
				IPHONEOS_DEPLOYMENT_TARGET = 14.3;
				LD_RUNPATH_SEARCH_PATHS = (
					"$(inherited)",
					"@executable_path/Frameworks",
				);
				PRODUCT_BUNDLE_IDENTIFIER = com.zenkovgreg.OpenWeather;
				PRODUCT_NAME = "$(TARGET_NAME)";
				SWIFT_VERSION = 5.0;
				TARGETED_DEVICE_FAMILY = "1,2";
			};
			name = Debug;
		};
		D0550AF426FB4D02007E2625 /* Release */ = {
			isa = XCBuildConfiguration;
			buildSettings = {
				ASSETCATALOG_COMPILER_APPICON_NAME = AppIcon;
				ASSETCATALOG_COMPILER_GLOBAL_ACCENT_COLOR_NAME = AccentColor;
				CODE_SIGN_STYLE = Automatic;
				DEVELOPMENT_ASSET_PATHS = "\"OpenWeather/Preview Content\"";
				DEVELOPMENT_TEAM = 6N53WC3364;
				ENABLE_PREVIEWS = YES;
				INFOPLIST_FILE = OpenWeather/Info.plist;
				IPHONEOS_DEPLOYMENT_TARGET = 14.3;
				LD_RUNPATH_SEARCH_PATHS = (
					"$(inherited)",
					"@executable_path/Frameworks",
				);
				PRODUCT_BUNDLE_IDENTIFIER = com.zenkovgreg.OpenWeather;
				PRODUCT_NAME = "$(TARGET_NAME)";
				SWIFT_VERSION = 5.0;
				TARGETED_DEVICE_FAMILY = "1,2";
			};
			name = Release;
		};
/* End XCBuildConfiguration section */

/* Begin XCConfigurationList section */
		D0550AD926FB4D01007E2625 /* Build configuration list for PBXProject "OpenWeather" */ = {
			isa = XCConfigurationList;
			buildConfigurations = (
				D0550AF026FB4D02007E2625 /* Debug */,
				D0550AF126FB4D02007E2625 /* Release */,
			);
			defaultConfigurationIsVisible = 0;
			defaultConfigurationName = Release;
		};
		D0550AF226FB4D02007E2625 /* Build configuration list for PBXNativeTarget "OpenWeather" */ = {
			isa = XCConfigurationList;
			buildConfigurations = (
				D0550AF326FB4D02007E2625 /* Debug */,
				D0550AF426FB4D02007E2625 /* Release */,
			);
			defaultConfigurationIsVisible = 0;
			defaultConfigurationName = Release;
		};
/* End XCConfigurationList section */

/* Begin XCRemoteSwiftPackageReference section */
		D0550AF526FB676C007E2625 /* XCRemoteSwiftPackageReference "realm-cocoa" */ = {
			isa = XCRemoteSwiftPackageReference;
			repositoryURL = "https://github.com/realm/realm-cocoa.git";
			requirement = {
				kind = upToNextMajorVersion;
				minimumVersion = 10.15.1;
			};
		};
/* End XCRemoteSwiftPackageReference section */

/* Begin XCSwiftPackageProductDependency section */
		D0550B0A26FBC1DA007E2625 /* Realm */ = {
			isa = XCSwiftPackageProductDependency;
			package = D0550AF526FB676C007E2625 /* XCRemoteSwiftPackageReference "realm-cocoa" */;
			productName = Realm;
		};
		D0550B0C26FBC1DA007E2625 /* RealmSwift */ = {
			isa = XCSwiftPackageProductDependency;
			package = D0550AF526FB676C007E2625 /* XCRemoteSwiftPackageReference "realm-cocoa" */;
			productName = RealmSwift;
		};
/* End XCSwiftPackageProductDependency section */
	};
	rootObject = D0550AD626FB4D01007E2625 /* Project object */;
}
